// !$*UTF8*$!
{
	archiveVersion = 1;
	classes = {
	};
	objectVersion = 46;
	objects = {

/* Begin PBXBuildFile section */
		6E652EE818AE95D100744920 /* IPaImageURLOperation.m in Sources */ = {isa = PBXBuildFile; fileRef = 6E652EE718AE95D100744920 /* IPaImageURLOperation.m */; };
		6E9598CD177B505800B230D1 /* Foundation.framework in Frameworks */ = {isa = PBXBuildFile; fileRef = 6E9598CC177B505800B230D1 /* Foundation.framework */; };
		6E9598E0177B50D100B230D1 /* IPaImageURLLoader.m in Sources */ = {isa = PBXBuildFile; fileRef = 6E9598DB177B50D100B230D1 /* IPaImageURLLoader.m */; };
		6ECF3DF519E99F40006849AE /* NSData+IPaSecurity.m in Sources */ = {isa = PBXBuildFile; fileRef = 6ECF3DF219E99F40006849AE /* NSData+IPaSecurity.m */; };
		6ECF3DF619E99F40006849AE /* NSString+IPaSecurity.m in Sources */ = {isa = PBXBuildFile; fileRef = 6ECF3DF419E99F40006849AE /* NSString+IPaSecurity.m */; };
		6ECF3E0119E99FEA006849AE /* IPaImageURLView.m in Sources */ = {isa = PBXBuildFile; fileRef = 6ECF3E0019E99FEA006849AE /* IPaImageURLView.m */; };
		6ECF3E0419E9A159006849AE /* IPaImageURLButton.m in Sources */ = {isa = PBXBuildFile; fileRef = 6ECF3E0319E9A159006849AE /* IPaImageURLButton.m */; };
/* End PBXBuildFile section */

/* Begin PBXCopyFilesBuildPhase section */
		6E9598C7177B505800B230D1 /* CopyFiles */ = {
			isa = PBXCopyFilesBuildPhase;
			buildActionMask = 2147483647;
			dstPath = "include/${PRODUCT_NAME}";
			dstSubfolderSpec = 16;
			files = (
			);
			runOnlyForDeploymentPostprocessing = 0;
		};
/* End PBXCopyFilesBuildPhase section */

/* Begin PBXFileReference section */
		6E652EE618AE95D100744920 /* IPaImageURLOperation.h */ = {isa = PBXFileReference; fileEncoding = 4; lastKnownFileType = sourcecode.c.h; path = IPaImageURLOperation.h; sourceTree = "<group>"; };
		6E652EE718AE95D100744920 /* IPaImageURLOperation.m */ = {isa = PBXFileReference; fileEncoding = 4; lastKnownFileType = sourcecode.c.objc; path = IPaImageURLOperation.m; sourceTree = "<group>"; };
		6E9598C9177B505800B230D1 /* libIPaImageURLLoader.a */ = {isa = PBXFileReference; explicitFileType = archive.ar; includeInIndex = 0; path = libIPaImageURLLoader.a; sourceTree = BUILT_PRODUCTS_DIR; };
		6E9598CC177B505800B230D1 /* Foundation.framework */ = {isa = PBXFileReference; lastKnownFileType = wrapper.framework; name = Foundation.framework; path = System/Library/Frameworks/Foundation.framework; sourceTree = SDKROOT; };
		6E9598D0177B505800B230D1 /* IPaImageURLLoader-Prefix.pch */ = {isa = PBXFileReference; lastKnownFileType = sourcecode.c.h; path = "IPaImageURLLoader-Prefix.pch"; sourceTree = "<group>"; };
		6E9598DA177B50D100B230D1 /* IPaImageURLLoader.h */ = {isa = PBXFileReference; fileEncoding = 4; lastKnownFileType = sourcecode.c.h; path = IPaImageURLLoader.h; sourceTree = "<group>"; };
		6E9598DB177B50D100B230D1 /* IPaImageURLLoader.m */ = {isa = PBXFileReference; fileEncoding = 4; lastKnownFileType = sourcecode.c.objc; path = IPaImageURLLoader.m; sourceTree = "<group>"; };
		6ECF3DF119E99F40006849AE /* NSData+IPaSecurity.h */ = {isa = PBXFileReference; fileEncoding = 4; lastKnownFileType = sourcecode.c.h; name = "NSData+IPaSecurity.h"; path = "../../IPaSecurity/IPaSecurity/NSData+IPaSecurity.h"; sourceTree = "<group>"; };
		6ECF3DF219E99F40006849AE /* NSData+IPaSecurity.m */ = {isa = PBXFileReference; fileEncoding = 4; lastKnownFileType = sourcecode.c.objc; name = "NSData+IPaSecurity.m"; path = "../../IPaSecurity/IPaSecurity/NSData+IPaSecurity.m"; sourceTree = "<group>"; };
		6ECF3DF319E99F40006849AE /* NSString+IPaSecurity.h */ = {isa = PBXFileReference; fileEncoding = 4; lastKnownFileType = sourcecode.c.h; name = "NSString+IPaSecurity.h"; path = "../../IPaSecurity/IPaSecurity/NSString+IPaSecurity.h"; sourceTree = "<group>"; };
		6ECF3DF419E99F40006849AE /* NSString+IPaSecurity.m */ = {isa = PBXFileReference; fileEncoding = 4; lastKnownFileType = sourcecode.c.objc; name = "NSString+IPaSecurity.m"; path = "../../IPaSecurity/IPaSecurity/NSString+IPaSecurity.m"; sourceTree = "<group>"; };
		6ECF3DFF19E99FEA006849AE /* IPaImageURLView.h */ = {isa = PBXFileReference; fileEncoding = 4; lastKnownFileType = sourcecode.c.h; path = IPaImageURLView.h; sourceTree = "<group>"; };
		6ECF3E0019E99FEA006849AE /* IPaImageURLView.m */ = {isa = PBXFileReference; fileEncoding = 4; lastKnownFileType = sourcecode.c.objc; path = IPaImageURLView.m; sourceTree = "<group>"; };
		6ECF3E0219E9A159006849AE /* IPaImageURLButton.h */ = {isa = PBXFileReference; fileEncoding = 4; lastKnownFileType = sourcecode.c.h; path = IPaImageURLButton.h; sourceTree = "<group>"; };
		6ECF3E0319E9A159006849AE /* IPaImageURLButton.m */ = {isa = PBXFileReference; fileEncoding = 4; lastKnownFileType = sourcecode.c.objc; path = IPaImageURLButton.m; sourceTree = "<group>"; };
/* End PBXFileReference section */

/* Begin PBXFrameworksBuildPhase section */
		6E9598C6177B505800B230D1 /* Frameworks */ = {
			isa = PBXFrameworksBuildPhase;
			buildActionMask = 2147483647;
			files = (
				6E9598CD177B505800B230D1 /* Foundation.framework in Frameworks */,
			);
			runOnlyForDeploymentPostprocessing = 0;
		};
/* End PBXFrameworksBuildPhase section */

/* Begin PBXGroup section */
		6E9598C0177B505700B230D1 = {
			isa = PBXGroup;
			children = (
				6E9598CE177B505800B230D1 /* IPaImageURLLoader */,
				6E9598CB177B505800B230D1 /* Frameworks */,
				6E9598CA177B505800B230D1 /* Products */,
			);
			sourceTree = "<group>";
		};
		6E9598CA177B505800B230D1 /* Products */ = {
			isa = PBXGroup;
			children = (
				6E9598C9177B505800B230D1 /* libIPaImageURLLoader.a */,
			);
			name = Products;
			sourceTree = "<group>";
		};
		6E9598CB177B505800B230D1 /* Frameworks */ = {
			isa = PBXGroup;
			children = (
				6E9598CC177B505800B230D1 /* Foundation.framework */,
			);
			name = Frameworks;
			sourceTree = "<group>";
		};
		6E9598CE177B505800B230D1 /* IPaImageURLLoader */ = {
			isa = PBXGroup;
			children = (
				6E9598DA177B50D100B230D1 /* IPaImageURLLoader.h */,
				6E9598DB177B50D100B230D1 /* IPaImageURLLoader.m */,
				6E652EE618AE95D100744920 /* IPaImageURLOperation.h */,
				6E652EE718AE95D100744920 /* IPaImageURLOperation.m */,
				6ECF3DFE19E99FC9006849AE /* IPaUIImageURL */,
				6ECF3DFD19E99FBD006849AE /* IPaSecurity */,
				6E9598CF177B505800B230D1 /* Supporting Files */,
			);
			path = IPaImageURLLoader;
			sourceTree = "<group>";
		};
		6E9598CF177B505800B230D1 /* Supporting Files */ = {
			isa = PBXGroup;
			children = (
				6E9598D0177B505800B230D1 /* IPaImageURLLoader-Prefix.pch */,
			);
			name = "Supporting Files";
			sourceTree = "<group>";
		};
		6ECF3DFD19E99FBD006849AE /* IPaSecurity */ = {
			isa = PBXGroup;
			children = (
				6ECF3DF119E99F40006849AE /* NSData+IPaSecurity.h */,
				6ECF3DF219E99F40006849AE /* NSData+IPaSecurity.m */,
				6ECF3DF319E99F40006849AE /* NSString+IPaSecurity.h */,
				6ECF3DF419E99F40006849AE /* NSString+IPaSecurity.m */,
			);
			name = IPaSecurity;
			sourceTree = "<group>";
		};
		6ECF3DFE19E99FC9006849AE /* IPaUIImageURL */ = {
			isa = PBXGroup;
			children = (
				6ECF3DFF19E99FEA006849AE /* IPaImageURLView.h */,
				6ECF3E0019E99FEA006849AE /* IPaImageURLView.m */,
				6ECF3E0219E9A159006849AE /* IPaImageURLButton.h */,
				6ECF3E0319E9A159006849AE /* IPaImageURLButton.m */,
			);
			name = IPaUIImageURL;
			sourceTree = "<group>";
		};
/* End PBXGroup section */

/* Begin PBXNativeTarget section */
		6E9598C8177B505800B230D1 /* IPaImageURLLoader */ = {
			isa = PBXNativeTarget;
			buildConfigurationList = 6E9598D7177B505800B230D1 /* Build configuration list for PBXNativeTarget "IPaImageURLLoader" */;
			buildPhases = (
				6E9598C5177B505800B230D1 /* Sources */,
				6E9598C6177B505800B230D1 /* Frameworks */,
				6E9598C7177B505800B230D1 /* CopyFiles */,
			);
			buildRules = (
			);
			dependencies = (
			);
			name = IPaImageURLLoader;
			productName = IPaImageURLLoader;
			productReference = 6E9598C9177B505800B230D1 /* libIPaImageURLLoader.a */;
			productType = "com.apple.product-type.library.static";
		};
/* End PBXNativeTarget section */

/* Begin PBXProject section */
		6E9598C1177B505700B230D1 /* Project object */ = {
			isa = PBXProject;
			attributes = {
				LastUpgradeCheck = 0460;
				ORGANIZATIONNAME = IPaPa;
			};
			buildConfigurationList = 6E9598C4177B505700B230D1 /* Build configuration list for PBXProject "IPaImageURLLoader" */;
			compatibilityVersion = "Xcode 3.2";
			developmentRegion = English;
			hasScannedForEncodings = 0;
			knownRegions = (
				en,
			);
			mainGroup = 6E9598C0177B505700B230D1;
			productRefGroup = 6E9598CA177B505800B230D1 /* Products */;
			projectDirPath = "";
			projectRoot = "";
			targets = (
				6E9598C8177B505800B230D1 /* IPaImageURLLoader */,
			);
		};
/* End PBXProject section */

/* Begin PBXSourcesBuildPhase section */
		6E9598C5177B505800B230D1 /* Sources */ = {
			isa = PBXSourcesBuildPhase;
			buildActionMask = 2147483647;
			files = (
				6ECF3E0419E9A159006849AE /* IPaImageURLButton.m in Sources */,
				6E652EE818AE95D100744920 /* IPaImageURLOperation.m in Sources */,
				6ECF3DF519E99F40006849AE /* NSData+IPaSecurity.m in Sources */,
				6ECF3E0119E99FEA006849AE /* IPaImageURLView.m in Sources */,
				6ECF3DF619E99F40006849AE /* NSString+IPaSecurity.m in Sources */,
				6E9598E0177B50D100B230D1 /* IPaImageURLLoader.m in Sources */,
			);
			runOnlyForDeploymentPostprocessing = 0;
		};
/* End PBXSourcesBuildPhase section */

/* Begin XCBuildConfiguration section */
		6E9598D5177B505800B230D1 /* Debug */ = {
			isa = XCBuildConfiguration;
			buildSettings = {
				ALWAYS_SEARCH_USER_PATHS = NO;
				CLANG_CXX_LANGUAGE_STANDARD = "gnu++0x";
				CLANG_CXX_LIBRARY = "libc++";
				CLANG_ENABLE_OBJC_ARC = YES;
				CLANG_WARN_CONSTANT_CONVERSION = YES;
				CLANG_WARN_EMPTY_BODY = YES;
				CLANG_WARN_ENUM_CONVERSION = YES;
				CLANG_WARN_INT_CONVERSION = YES;
				CLANG_WARN__DUPLICATE_METHOD_MATCH = YES;
				COPY_PHASE_STRIP = NO;
				GCC_C_LANGUAGE_STANDARD = gnu99;
				GCC_DYNAMIC_NO_PIC = NO;
				GCC_OPTIMIZATION_LEVEL = 0;
				GCC_PREPROCESSOR_DEFINITIONS = (
					"DEBUG=1",
					"$(inherited)",
				);
				GCC_SYMBOLS_PRIVATE_EXTERN = NO;
				GCC_WARN_ABOUT_RETURN_TYPE = YES;
				GCC_WARN_UNINITIALIZED_AUTOS = YES;
				GCC_WARN_UNUSED_VARIABLE = YES;
				IPHONEOS_DEPLOYMENT_TARGET = 6.1;
				ONLY_ACTIVE_ARCH = YES;
				SDKROOT = iphoneos;
			};
			name = Debug;
		};
		6E9598D6177B505800B230D1 /* Release */ = {
			isa = XCBuildConfiguration;
			buildSettings = {
				ALWAYS_SEARCH_USER_PATHS = NO;
				CLANG_CXX_LANGUAGE_STANDARD = "gnu++0x";
				CLANG_CXX_LIBRARY = "libc++";
				CLANG_ENABLE_OBJC_ARC = YES;
				CLANG_WARN_CONSTANT_CONVERSION = YES;
				CLANG_WARN_EMPTY_BODY = YES;
				CLANG_WARN_ENUM_CONVERSION = YES;
				CLANG_WARN_INT_CONVERSION = YES;
				CLANG_WARN__DUPLICATE_METHOD_MATCH = YES;
				COPY_PHASE_STRIP = YES;
				GCC_C_LANGUAGE_STANDARD = gnu99;
				GCC_WARN_ABOUT_RETURN_TYPE = YES;
				GCC_WARN_UNINITIALIZED_AUTOS = YES;
				GCC_WARN_UNUSED_VARIABLE = YES;
				IPHONEOS_DEPLOYMENT_TARGET = 6.1;
				SDKROOT = iphoneos;
				VALIDATE_PRODUCT = YES;
			};
			name = Release;
		};
		6E9598D8177B505800B230D1 /* Debug */ = {
			isa = XCBuildConfiguration;
			buildSettings = {
				CLANG_ENABLE_MODULES = YES;
				DSTROOT = /tmp/IPaImageURLLoader.dst;
				GCC_PRECOMPILE_PREFIX_HEADER = YES;
				GCC_PREFIX_HEADER = "IPaImageURLLoader/IPaImageURLLoader-Prefix.pch";
				HEADER_SEARCH_PATHS = "";
				OTHER_LDFLAGS = "-ObjC";
				PRODUCT_NAME = "$(TARGET_NAME)";
				SKIP_INSTALL = YES;
			};
			name = Debug;
		};
		6E9598D9177B505800B230D1 /* Release */ = {
			isa = XCBuildConfiguration;
			buildSettings = {
				CLANG_ENABLE_MODULES = YES;
				DSTROOT = /tmp/IPaImageURLLoader.dst;
				GCC_PRECOMPILE_PREFIX_HEADER = YES;
				GCC_PREFIX_HEADER = "IPaImageURLLoader/IPaImageURLLoader-Prefix.pch";
				HEADER_SEARCH_PATHS = "";
				OTHER_LDFLAGS = "-ObjC";
				PRODUCT_NAME = "$(TARGET_NAME)";
				SKIP_INSTALL = YES;
			};
			name = Release;
		};
/* End XCBuildConfiguration section */

/* Begin XCConfigurationList section */
		6E9598C4177B505700B230D1 /* Build configuration list for PBXProject "IPaImageURLLoader" */ = {
			isa = XCConfigurationList;
			buildConfigurations = (
				6E9598D5177B505800B230D1 /* Debug */,
				6E9598D6177B505800B230D1 /* Release */,
			);
			defaultConfigurationIsVisible = 0;
			defaultConfigurationName = Release;
		};
		6E9598D7177B505800B230D1 /* Build configuration list for PBXNativeTarget "IPaImageURLLoader" */ = {
			isa = XCConfigurationList;
			buildConfigurations = (
				6E9598D8177B505800B230D1 /* Debug */,
				6E9598D9177B505800B230D1 /* Release */,
			);
			defaultConfigurationIsVisible = 0;
			defaultConfigurationName = Release;
		};
/* End XCConfigurationList section */
	};
	rootObject = 6E9598C1177B505700B230D1 /* Project object */;
}
